
Microsoft Visual Studio Solution File, Format Version 12.00
# Visual Studio Version 17
VisualStudioVersion = 17.9.34723.18
MinimumVisualStudioVersion = 10.0.40219.1
Project("{FAE04EC0-301F-11D3-BF4B-00C04F79EFBC}") = "ProyectoFinal", "ProyectoFinal.csproj", "{D45B6B75-0648-41AA-A172-98B8C0DFBE8D}"
EndProject
Global
	GlobalSection(SolutionConfigurationPlatforms) = preSolution
		Debug|Any CPU = Debug|Any CPU
		Release|Any CPU = Release|Any CPU
	EndGlobalSection
	GlobalSection(ProjectConfigurationPlatforms) = postSolution
		{D45B6B75-0648-41AA-A172-98B8C0DFBE8D}.Debug|Any CPU.ActiveCfg = Debug|Any CPU
		{D45B6B75-0648-41AA-A172-98B8C0DFBE8D}.Debug|Any CPU.Build.0 = Debug|Any CPU
		{D45B6B75-0648-41AA-A172-98B8C0DFBE8D}.Debug|Any CPU.Deploy.0 = Debug|Any CPU
		{D45B6B75-0648-41AA-A172-98B8C0DFBE8D}.Release|Any CPU.ActiveCfg = Release|Any CPU
		{D45B6B75-0648-41AA-A172-98B8C0DFBE8D}.Release|Any CPU.Build.0 = Release|Any CPU
		{D45B6B75-0648-41AA-A172-98B8C0DFBE8D}.Release|Any CPU.Deploy.0 = Release|Any CPU
	EndGlobalSection
	GlobalSection(SolutionProperties) = preSolution
		HideSolutionNode = FALSE
	EndGlobalSection
	GlobalSection(ExtensibilityGlobals) = postSolution
		SolutionGuid = {B6499240-54F0-480D-A836-AFB2D059B9EB}
	EndGlobalSection
EndGlobal
